using System;
using System.Collections.Generic;
using System.Linq;
using System.Text;
using System.Threading.Tasks;
using frantocels.ServiceReference1;

namespace frantocels
{
    internal class Program
    {
        static void Main(string[] args)
        {
            frantocelsClient client = new frantocelsClient();
            Console.WriteLine("Enter the franheit");
            double f = double.Parse(Console.ReadLine());
            Console.WriteLine(client.fahrenheitToCelsius(f));
            Console.WriteLine("Enter any key to exit");
            Console.ReadKey();
            Console.ReadLine();

        }
    }
}
